Microsoft Visual Studio Solution File, Format Version 12.00
# Visual Studio Version 17
VisualStudioVersion = 17.5.2.0
MinimumVisualStudioVersion = 10.0.40219.1
Project("{FAE04EC0-301F-11D3-BF4B-00C04F79EFBC}") = "USSR", "USSR.csproj", "{5DE52C56-3F1D-093F-5A7A-7C961DD3C786}"
EndProject
Global
	GlobalSection(SolutionConfigurationPlatforms) = preSolution
		Debug|Any CPU = Debug|Any CPU
		Release|Any CPU = Release|Any CPU
	EndGlobalSection
	GlobalSection(ProjectConfigurationPlatforms) = postSolution
		{5DE52C56-3F1D-093F-5A7A-7C961DD3C786}.Debug|Any CPU.ActiveCfg = Debug|Any CPU
		{5DE52C56-3F1D-093F-5A7A-7C961DD3C786}.Debug|Any CPU.Build.0 = Debug|Any CPU
		{5DE52C56-3F1D-093F-5A7A-7C961DD3C786}.Release|Any CPU.ActiveCfg = Release|Any CPU
		{5DE52C56-3F1D-093F-5A7A-7C961DD3C786}.Release|Any CPU.Build.0 = Release|Any CPU
	EndGlobalSection
	GlobalSection(SolutionProperties) = preSolution
		HideSolutionNode = FALSE
	EndGlobalSection
	GlobalSection(ExtensibilityGlobals) = postSolution
		SolutionGuid = {01FE6457-B558-43D8-BE63-7F6066F777B9}
	EndGlobalSection
EndGlobal
